
Microsoft Visual Studio Solution File, Format Version 12.00
# Visual Studio Version 17
VisualStudioVersion = 17.9.34607.119
MinimumVisualStudioVersion = 10.0.40219.1
Project("{FAE04EC0-301F-11D3-BF4B-00C04F79EFBC}") = "DayProgressApi", "DayProgressApi\DayProgressApi.csproj", "{17B0C0D7-F414-4668-8CBF-21C11DF76D97}"
EndProject
Global
	GlobalSection(SolutionConfigurationPlatforms) = preSolution
		Debug|Any CPU = Debug|Any CPU
		Release|Any CPU = Release|Any CPU
	EndGlobalSection
	GlobalSection(ProjectConfigurationPlatforms) = postSolution
		{17B0C0D7-F414-4668-8CBF-21C11DF76D97}.Debug|Any CPU.ActiveCfg = Debug|Any CPU
		{17B0C0D7-F414-4668-8CBF-21C11DF76D97}.Debug|Any CPU.Build.0 = Debug|Any CPU
		{17B0C0D7-F414-4668-8CBF-21C11DF76D97}.Release|Any CPU.ActiveCfg = Release|Any CPU
		{17B0C0D7-F414-4668-8CBF-21C11DF76D97}.Release|Any CPU.Build.0 = Release|Any CPU
	EndGlobalSection
	GlobalSection(SolutionProperties) = preSolution
		HideSolutionNode = FALSE
	EndGlobalSection
	GlobalSection(ExtensibilityGlobals) = postSolution
		SolutionGuid = {F65A35D1-7C45-43D0-90A5-3EAE597D811C}
	EndGlobalSection
EndGlobal
